// !$*UTF8*$!
{
	archiveVersion = 1;
	classes = {
	};
	objectVersion = 48;
	objects = {

/* Begin PBXBuildFile section */
		D429756F1EF803C800797EC6 /* AppDelegate.swift in Sources */ = {isa = PBXBuildFile; fileRef = D429756E1EF803C800797EC6 /* AppDelegate.swift */; };
		D42975711EF803C800797EC6 /* SecondScene.swift in Sources */ = {isa = PBXBuildFile; fileRef = D42975701EF803C800797EC6 /* SecondScene.swift */; };
		D42975741EF803C800797EC6 /* Main.storyboard in Resources */ = {isa = PBXBuildFile; fileRef = D42975721EF803C800797EC6 /* Main.storyboard */; };
		D42975761EF803C800797EC6 /* Assets.xcassets in Resources */ = {isa = PBXBuildFile; fileRef = D42975751EF803C800797EC6 /* Assets.xcassets */; };
		D42975791EF803C800797EC6 /* LaunchScreen.storyboard in Resources */ = {isa = PBXBuildFile; fileRef = D42975771EF803C800797EC6 /* LaunchScreen.storyboard */; };
		D42975811EF804B100797EC6 /* FirstScene.swift in Sources */ = {isa = PBXBuildFile; fileRef = D42975801EF804B100797EC6 /* FirstScene.swift */; };
/* End PBXBuildFile section */

/* Begin PBXFileReference section */
		D429756B1EF803C800797EC6 /* HiddenNavigationBar.app */ = {isa = PBXFileReference; explicitFileType = wrapper.application; includeInIndex = 0; path = HiddenNavigationBar.app; sourceTree = BUILT_PRODUCTS_DIR; };
		D429756E1EF803C800797EC6 /* AppDelegate.swift */ = {isa = PBXFileReference; lastKnownFileType = sourcecode.swift; path = AppDelegate.swift; sourceTree = "<group>"; };
		D42975701EF803C800797EC6 /* SecondScene.swift */ = {isa = PBXFileReference; lastKnownFileType = sourcecode.swift; path = SecondScene.swift; sourceTree = "<group>"; };
		D42975731EF803C800797EC6 /* Base */ = {isa = PBXFileReference; lastKnownFileType = file.storyboard; name = Base; path = Base.lproj/Main.storyboard; sourceTree = "<group>"; };
		D42975751EF803C800797EC6 /* Assets.xcassets */ = {isa = PBXFileReference; lastKnownFileType = folder.assetcatalog; path = Assets.xcassets; sourceTree = "<group>"; };
		D42975781EF803C800797EC6 /* Base */ = {isa = PBXFileReference; lastKnownFileType = file.storyboard; name = Base; path = Base.lproj/LaunchScreen.storyboard; sourceTree = "<group>"; };
		D429757A1EF803C800797EC6 /* Info.plist */ = {isa = PBXFileReference; lastKnownFileType = text.plist.xml; path = Info.plist; sourceTree = "<group>"; };
		D42975801EF804B100797EC6 /* FirstScene.swift */ = {isa = PBXFileReference; lastKnownFileType = sourcecode.swift; path = FirstScene.swift; sourceTree = "<group>"; };
/* End PBXFileReference section */

/* Begin PBXFrameworksBuildPhase section */
		D42975681EF803C800797EC6 /* Frameworks */ = {
			isa = PBXFrameworksBuildPhase;
			buildActionMask = 2147483647;
			files = (
			);
			runOnlyForDeploymentPostprocessing = 0;
		};
/* End PBXFrameworksBuildPhase section */

/* Begin PBXGroup section */
		D42975621EF803C800797EC6 = {
			isa = PBXGroup;
			children = (
				D429756D1EF803C800797EC6 /* HiddenNavigationBar */,
				D429756C1EF803C800797EC6 /* Products */,
			);
			sourceTree = "<group>";
		};
		D429756C1EF803C800797EC6 /* Products */ = {
			isa = PBXGroup;
			children = (
				D429756B1EF803C800797EC6 /* HiddenNavigationBar.app */,
			);
			name = Products;
			sourceTree = "<group>";
		};
		D429756D1EF803C800797EC6 /* HiddenNavigationBar */ = {
			isa = PBXGroup;
			children = (
				D429756E1EF803C800797EC6 /* AppDelegate.swift */,
				D42975801EF804B100797EC6 /* FirstScene.swift */,
				D42975701EF803C800797EC6 /* SecondScene.swift */,
				D42975721EF803C800797EC6 /* Main.storyboard */,
				D42975751EF803C800797EC6 /* Assets.xcassets */,
				D42975771EF803C800797EC6 /* LaunchScreen.storyboard */,
				D429757A1EF803C800797EC6 /* Info.plist */,
			);
			path = HiddenNavigationBar;
			sourceTree = "<group>";
		};
/* End PBXGroup section */

/* Begin PBXNativeTarget section */
		D429756A1EF803C800797EC6 /* HiddenNavigationBar */ = {
			isa = PBXNativeTarget;
			buildConfigurationList = D429757D1EF803C800797EC6 /* Build configuration list for PBXNativeTarget "HiddenNavigationBar" */;
			buildPhases = (
				D42975671EF803C800797EC6 /* Sources */,
				D42975681EF803C800797EC6 /* Frameworks */,
				D42975691EF803C800797EC6 /* Resources */,
			);
			buildRules = (
			);
			dependencies = (
			);
			name = HiddenNavigationBar;
			productName = HiddenNavigationBar;
			productReference = D429756B1EF803C800797EC6 /* HiddenNavigationBar.app */;
			productType = "com.apple.product-type.application";
		};
/* End PBXNativeTarget section */

/* Begin PBXProject section */
		D42975631EF803C800797EC6 /* Project object */ = {
			isa = PBXProject;
			attributes = {
				LastSwiftUpdateCheck = 0900;
				LastUpgradeCheck = 0900;
				ORGANIZATIONNAME = youngdev;
				TargetAttributes = {
					D429756A1EF803C800797EC6 = {
						CreatedOnToolsVersion = 9.0;
					};
				};
			};
			buildConfigurationList = D42975661EF803C800797EC6 /* Build configuration list for PBXProject "HiddenNavigationBar" */;
			compatibilityVersion = "Xcode 8.0";
			developmentRegion = en;
			hasScannedForEncodings = 0;
			knownRegions = (
				en,
				Base,
			);
			mainGroup = D42975621EF803C800797EC6;
			productRefGroup = D429756C1EF803C800797EC6 /* Products */;
			projectDirPath = "";
			projectRoot = "";
			targets = (
				D429756A1EF803C800797EC6 /* HiddenNavigationBar */,
			);
		};
/* End PBXProject section */

/* Begin PBXResourcesBuildPhase section */
		D42975691EF803C800797EC6 /* Resources */ = {
			isa = PBXResourcesBuildPhase;
			buildActionMask = 2147483647;
			files = (
				D42975791EF803C800797EC6 /* LaunchScreen.storyboard in Resources */,
				D42975761EF803C800797EC6 /* Assets.xcassets in Resources */,
				D42975741EF803C800797EC6 /* Main.storyboard in Resources */,
			);
			runOnlyForDeploymentPostprocessing = 0;
		};
/* End PBXResourcesBuildPhase section */

/* Begin PBXSourcesBuildPhase section */
		D42975671EF803C800797EC6 /* Sources */ = {
			isa = PBXSourcesBuildPhase;
			buildActionMask = 2147483647;
			files = (
				D42975711EF803C800797EC6 /* SecondScene.swift in Sources */,
				D429756F1EF803C800797EC6 /* AppDelegate.swift in Sources */,
				D42975811EF804B100797EC6 /* FirstScene.swift in Sources */,
			);
			runOnlyForDeploymentPostprocessing = 0;
		};
/* End PBXSourcesBuildPhase section */

/* Begin PBXVariantGroup section */
		D42975721EF803C800797EC6 /* Main.storyboard */ = {
			isa = PBXVariantGroup;
			children = (
				D42975731EF803C800797EC6 /* Base */,
			);
			name = Main.storyboard;
			sourceTree = "<group>";
		};
		D42975771EF803C800797EC6 /* LaunchScreen.storyboard */ = {
			isa = PBXVariantGroup;
			children = (
				D42975781EF803C800797EC6 /* Base */,
			);
			name = LaunchScreen.storyboard;
			sourceTree = "<group>";
		};
/* End PBXVariantGroup section */

/* Begin XCBuildConfiguration section */
		D429757B1EF803C800797EC6 /* Debug */ = {
			isa = XCBuildConfiguration;
			buildSettings = {
				ALWAYS_SEARCH_USER_PATHS = NO;
				CLANG_ANALYZER_NONNULL = YES;
				CLANG_ANALYZER_NUMBER_OBJECT_CONVERSION = YES_AGGRESSIVE;
				CLANG_CXX_LANGUAGE_STANDARD = "gnu++14";
				CLANG_CXX_LIBRARY = "libc++";
				CLANG_ENABLE_MODULES = YES;
				CLANG_ENABLE_OBJC_ARC = YES;
				CLANG_WARN_BLOCK_CAPTURE_AUTORELEASING = YES;
				CLANG_WARN_BOOL_CONVERSION = YES;
				CLANG_WARN_COMMA = YES;
				CLANG_WARN_CONSTANT_CONVERSION = YES;
				CLANG_WARN_DIRECT_OBJC_ISA_USAGE = YES_ERROR;
				CLANG_WARN_DOCUMENTATION_COMMENTS = YES;
				CLANG_WARN_EMPTY_BODY = YES;
				CLANG_WARN_ENUM_CONVERSION = YES;
				CLANG_WARN_INFINITE_RECURSION = YES;
				CLANG_WARN_INT_CONVERSION = YES;
				CLANG_WARN_OBJC_ROOT_CLASS = YES_ERROR;
				CLANG_WARN_RANGE_LOOP_ANALYSIS = YES;
				CLANG_WARN_STRICT_PROTOTYPES = YES;
				CLANG_WARN_SUSPICIOUS_MOVE = YES;
				CLANG_WARN_UNGUARDED_AVAILABILITY = YES_AGGRESSIVE;
				CLANG_WARN_UNREACHABLE_CODE = YES;
				CLANG_WARN__DUPLICATE_METHOD_MATCH = YES;
				CODE_SIGN_IDENTITY = "iPhone Developer";
				COPY_PHASE_STRIP = NO;
				DEBUG_INFORMATION_FORMAT = dwarf;
				ENABLE_STRICT_OBJC_MSGSEND = YES;
				ENABLE_TESTABILITY = YES;
				GCC_C_LANGUAGE_STANDARD = gnu11;
				GCC_DYNAMIC_NO_PIC = NO;
				GCC_NO_COMMON_BLOCKS = YES;
				GCC_OPTIMIZATION_LEVEL = 0;
				GCC_PREPROCESSOR_DEFINITIONS = (
					"DEBUG=1",
					"$(inherited)",
				);
				GCC_WARN_64_TO_32_BIT_CONVERSION = YES;
				GCC_WARN_ABOUT_RETURN_TYPE = YES_ERROR;
				GCC_WARN_UNDECLARED_SELECTOR = YES;
				GCC_WARN_UNINITIALIZED_AUTOS = YES_AGGRESSIVE;
				GCC_WARN_UNUSED_FUNCTION = YES;
				GCC_WARN_UNUSED_VARIABLE = YES;
				IPHONEOS_DEPLOYMENT_TARGET = 11.0;
				MTL_ENABLE_DEBUG_INFO = YES;
				ONLY_ACTIVE_ARCH = YES;
				SDKROOT = iphoneos;
				SWIFT_ACTIVE_COMPILATION_CONDITIONS = DEBUG;
				SWIFT_OPTIMIZATION_LEVEL = "-Onone";
			};
			name = Debug;
		};
		D429757C1EF803C800797EC6 /* Release */ = {
			isa = XCBuildConfiguration;
			buildSettings = {
				ALWAYS_SEARCH_USER_PATHS = NO;
				CLANG_ANALYZER_NONNULL = YES;
				CLANG_ANALYZER_NUMBER_OBJECT_CONVERSION = YES_AGGRESSIVE;
				CLANG_CXX_LANGUAGE_STANDARD = "gnu++14";
				CLANG_CXX_LIBRARY = "libc++";
				CLANG_ENABLE_MODULES = YES;
				CLANG_ENABLE_OBJC_ARC = YES;
				CLANG_WARN_BLOCK_CAPTURE_AUTORELEASING = YES;
				CLANG_WARN_BOOL_CONVERSION = YES;
				CLANG_WARN_COMMA = YES;
				CLANG_WARN_CONSTANT_CONVERSION = YES;
				CLANG_WARN_DIRECT_OBJC_ISA_USAGE = YES_ERROR;
				CLANG_WARN_DOCUMENTATION_COMMENTS = YES;
				CLANG_WARN_EMPTY_BODY = YES;
				CLANG_WARN_ENUM_CONVERSION = YES;
				CLANG_WARN_INFINITE_RECURSION = YES;
				CLANG_WARN_INT_CONVERSION = YES;
				CLANG_WARN_OBJC_ROOT_CLASS = YES_ERROR;
				CLANG_WARN_RANGE_LOOP_ANALYSIS = YES;
				CLANG_WARN_STRICT_PROTOTYPES = YES;
				CLANG_WARN_SUSPICIOUS_MOVE = YES;
				CLANG_WARN_UNGUARDED_AVAILABILITY = YES_AGGRESSIVE;
				CLANG_WARN_UNREACHABLE_CODE = YES;
				CLANG_WARN__DUPLICATE_METHOD_MATCH = YES;
				CODE_SIGN_IDENTITY = "iPhone Developer";
				COPY_PHASE_STRIP = NO;
				DEBUG_INFORMATION_FORMAT = "dwarf-with-dsym";
				ENABLE_NS_ASSERTIONS = NO;
				ENABLE_STRICT_OBJC_MSGSEND = YES;
				GCC_C_LANGUAGE_STANDARD = gnu11;
				GCC_NO_COMMON_BLOCKS = YES;
				GCC_WARN_64_TO_32_BIT_CONVERSION = YES;
				GCC_WARN_ABOUT_RETURN_TYPE = YES_ERROR;
				GCC_WARN_UNDECLARED_SELECTOR = YES;
				GCC_WARN_UNINITIALIZED_AUTOS = YES_AGGRESSIVE;
				GCC_WARN_UNUSED_FUNCTION = YES;
				GCC_WARN_UNUSED_VARIABLE = YES;
				IPHONEOS_DEPLOYMENT_TARGET = 11.0;
				MTL_ENABLE_DEBUG_INFO = NO;
				SDKROOT = iphoneos;
				SWIFT_OPTIMIZATION_LEVEL = "-Owholemodule";
				VALIDATE_PRODUCT = YES;
			};
			name = Release;
		};
		D429757E1EF803C800797EC6 /* Debug */ = {
			isa = XCBuildConfiguration;
			buildSettings = {
				ASSETCATALOG_COMPILER_APPICON_NAME = AppIcon;
				DEVELOPMENT_TEAM = F7ZJ3VF2EA;
				INFOPLIST_FILE = HiddenNavigationBar/Info.plist;
				LD_RUNPATH_SEARCH_PATHS = "$(inherited) @executable_path/Frameworks";
				PRODUCT_BUNDLE_IDENTIFIER = youngdev.HiddenNavigationBar;
				PRODUCT_NAME = "$(TARGET_NAME)";
				SWIFT_VERSION = 4.0;
				TARGETED_DEVICE_FAMILY = "1,2";
			};
			name = Debug;
		};
		D429757F1EF803C800797EC6 /* Release */ = {
			isa = XCBuildConfiguration;
			buildSettings = {
				ASSETCATALOG_COMPILER_APPICON_NAME = AppIcon;
				DEVELOPMENT_TEAM = F7ZJ3VF2EA;
				INFOPLIST_FILE = HiddenNavigationBar/Info.plist;
				LD_RUNPATH_SEARCH_PATHS = "$(inherited) @executable_path/Frameworks";
				PRODUCT_BUNDLE_IDENTIFIER = youngdev.HiddenNavigationBar;
				PRODUCT_NAME = "$(TARGET_NAME)";
				SWIFT_VERSION = 4.0;
				TARGETED_DEVICE_FAMILY = "1,2";
			};
			name = Release;
		};
/* End XCBuildConfiguration section */

/* Begin XCConfigurationList section */
		D42975661EF803C800797EC6 /* Build configuration list for PBXProject "HiddenNavigationBar" */ = {
			isa = XCConfigurationList;
			buildConfigurations = (
				D429757B1EF803C800797EC6 /* Debug */,
				D429757C1EF803C800797EC6 /* Release */,
			);
			defaultConfigurationIsVisible = 0;
			defaultConfigurationName = Release;
		};
		D429757D1EF803C800797EC6 /* Build configuration list for PBXNativeTarget "HiddenNavigationBar" */ = {
			isa = XCConfigurationList;
			buildConfigurations = (
				D429757E1EF803C800797EC6 /* Debug */,
				D429757F1EF803C800797EC6 /* Release */,
			);
			defaultConfigurationIsVisible = 0;
		};
/* End XCConfigurationList section */
	};
	rootObject = D42975631EF803C800797EC6 /* Project object */;
}
